
Microsoft Visual Studio Solution File, Format Version 12.00
# Visual Studio Version 16
VisualStudioVersion = 16.0.32106.194
MinimumVisualStudioVersion = 10.0.40219.1
Project("{FAE04EC0-301F-11D3-BF4B-00C04F79EFBC}") = "mycoresite", "mycoresite\mycoresite.csproj", "{62B681BA-12AF-4D9E-A014-D269C35A9E65}"
EndProject
Global
	GlobalSection(SolutionConfigurationPlatforms) = preSolution
		Debug|Any CPU = Debug|Any CPU
		Release|Any CPU = Release|Any CPU
	EndGlobalSection
	GlobalSection(ProjectConfigurationPlatforms) = postSolution
		{62B681BA-12AF-4D9E-A014-D269C35A9E65}.Debug|Any CPU.ActiveCfg = Debug|Any CPU
		{62B681BA-12AF-4D9E-A014-D269C35A9E65}.Debug|Any CPU.Build.0 = Debug|Any CPU
		{62B681BA-12AF-4D9E-A014-D269C35A9E65}.Release|Any CPU.ActiveCfg = Release|Any CPU
		{62B681BA-12AF-4D9E-A014-D269C35A9E65}.Release|Any CPU.Build.0 = Release|Any CPU
	EndGlobalSection
	GlobalSection(SolutionProperties) = preSolution
		HideSolutionNode = FALSE
	EndGlobalSection
	GlobalSection(ExtensibilityGlobals) = postSolution
		SolutionGuid = {5D139C74-BAB7-4F1C-921D-505CBC54BBC4}
	EndGlobalSection
EndGlobal
